<?xml version="1.0" encoding="utf-8"?>
<Project ToolsVersion="4.0" xmlns="http://schemas.microsoft.com/developer/msbuild/2003">
  <ItemGroup>
    <Filter Include="Engine Core">
      <UniqueIdentifier>{916b80a5-22d3-4f76-989e-1558d4cef593}</UniqueIdentifier>
    </Filter>
    <Filter Include="Engine Core\Header Files">
      <UniqueIdentifier>{93995380-89BD-4b04-88EB-625FBE52EBFB}</UniqueIdentifier>
      <Extensions>h;hpp;hxx;hm;inl;inc;xsd</Extensions>
    </Filter>
    <Filter Include="Engine Core\Source Files">
      <UniqueIdentifier>{4FC737F1-C7A5-4376-A066-2A32D752A2FF}</UniqueIdentifier>
      <Extensions>cpp;c;cxx;def;odl;idl;hpj;bat;asm;asmx</Extensions>
    </Filter>
    <Filter Include="Utilities">
      <UniqueIdentifier>{95a59eb6-39f8-49bd-86af-5c76e39df026}</UniqueIdentifier>
    </Filter>
    <Filter Include="Utilities\Headers">
      <UniqueIdentifier>{b239bef0-c01c-4547-905b-0fe1c7e620bd}</UniqueIdentifier>
    </Filter>
    <Filter Include="Utilities\Source">
      <UniqueIdentifier>{9b6a38e2-795c-4654-ab32-9639d4cf6ae9}</UniqueIdentifier>
    </Filter>
  </ItemGroup>
  <ItemGroup>
    <ClInclude Include="Behavior.H">
      <Filter>Engine Core\Header Files</Filter>
    </ClInclude>
    <ClInclude Include="DrawingState.H">
      <Filter>Engine Core\Header Files</Filter>
    </ClInclude>
    <ClInclude Include="DrawUtils.H">
      <Filter>Engine Core\Header Files</Filter>
    </ClInclude>
    <ClInclude Include="FlyCamera.H">
      <Filter>Engine Core\Header Files</Filter>
    </ClInclude>
    <ClInclude Include="GraphicsTownUI.H">
      <Filter>Engine Core\Header Files</Filter>
    </ClInclude>
    <ClInclude Include="GrTown_PCH.H">
      <Filter>Engine Core\Header Files</Filter>
    </ClInclude>
    <ClInclude Include="GrWorld.H">
      <Filter>Engine Core\Header Files</Filter>
    </ClInclude>
    <ClInclude Include="MMatrix.H">
      <Filter>Engine Core\Header Files</Filter>
    </ClInclude>
    <ClInclude Include="TownViewWidget.H">
      <Filter>Engine Core\Header Files</Filter>
    </ClInclude>
    <ClInclude Include="..\Utilities\libtarga.h">
      <Filter>Utilities\Headers</Filter>
    </ClInclude>
    <ClInclude Include="..\Utilities\ShaderTools.H">
      <Filter>Utilities\Headers</Filter>
    </ClInclude>
    <ClInclude Include="..\Utilities\Texture.H">
      <Filter>Utilities\Headers</Filter>
    </ClInclude>
    <ClInclude Include="GrObjectVBO.h">
      <Filter>Engine Core\Header Files</Filter>
    </ClInclude>
    <ClInclude Include="Building.h">
      <Filter>Engine Core\Header Files</Filter>
    </ClInclude>
    <ClInclude Include="Sphere.h">
      <Filter>Engine Core\Header Files</Filter>
    </ClInclude>
    <ClInclude Include="ObjectLoader.h">
      <Filter>Engine Core\Header Files</Filter>
    </ClInclude>
    <ClInclude Include="Model.h">
      <Filter>Engine Core\Header Files</Filter>
    </ClInclude>
    <ClInclude Include="Billboards.h">
      <Filter>Engine Core\Header Files</Filter>
    </ClInclude>
    <ClInclude Include="SkyBox.h">
      <Filter>Engine Core\Header Files</Filter>
    </ClInclude>
    <ClInclude Include="World.h">
      <Filter>Engine Core\Header Files</Filter>
    </ClInclude>
    <ClInclude Include="DrawingTools.h">
      <Filter>Engine Core\Header Files</Filter>
    </ClInclude>
    <ClInclude Include="Loop.h">
      <Filter>Engine Core\Header Files</Filter>
    </ClInclude>
    <ClInclude Include="Dino.h">
      <Filter>Engine Core\Header Files</Filter>
    </ClInclude>
    <ClInclude Include="Particles.h">
      <Filter>Engine Core\Header Files</Filter>
    </ClInclude>
    <ClInclude Include="SurfaceOfRevolution.h">
      <Filter>Engine Core\Header Files</Filter>
    </ClInclude>
    <ClInclude Include="normalMapping.h">
      <Filter>Engine Core\Header Files</Filter>
    </ClInclude>
    <ClInclude Include="Bob.h">
      <Filter>Engine Core\Header Files</Filter>
    </ClInclude>
    <ClInclude Include="BHLights.h">
      <Filter>Engine Core\Header Files</Filter>
    </ClInclude>
    <ClInclude Include="House.h">
      <Filter>Engine Core\Header Files</Filter>
    </ClInclude>
  </ItemGroup>
  <ItemGroup>
    <ClCompile Include="Behavior.cpp">
      <Filter>Engine Core\Source Files</Filter>
    </ClCompile>
    <ClCompile Include="DrawingState.cpp">
      <Filter>Engine Core\Source Files</Filter>
    </ClCompile>
    <ClCompile Include="DrawUtils.cpp">
      <Filter>Engine Core\Source Files</Filter>
    </ClCompile>
    <ClCompile Include="FlyCamera.cpp">
      <Filter>Engine Core\Source Files</Filter>
    </ClCompile>
    <ClCompile Include="GraphicsTownUI.cxx">
      <Filter>Engine Core\Source Files</Filter>
    </ClCompile>
    <ClCompile Include="GrWorld.cpp">
      <Filter>Engine Core\Source Files</Filter>
    </ClCompile>
    <ClCompile Include="MMatrix.cpp">
      <Filter>Engine Core\Source Files</Filter>
    </ClCompile>
    <ClCompile Include="TownViewWidget.cpp">
      <Filter>Engine Core\Source Files</Filter>
    </ClCompile>
    <ClCompile Include="..\Utilities\libtarga.c">
      <Filter>Utilities\Source</Filter>
    </ClCompile>
    <ClCompile Include="..\Utilities\ShaderTools.cpp">
      <Filter>Utilities\Source</Filter>
    </ClCompile>
    <ClCompile Include="..\Utilities\Texture.cpp">
      <Filter>Utilities\Source</Filter>
    </ClCompile>
    <ClCompile Include="Main.cpp">
      <Filter>Engine Core\Source Files</Filter>
    </ClCompile>
    <ClCompile Include="GrObjectVBO.cpp">
      <Filter>Engine Core\Source Files</Filter>
    </ClCompile>
    <ClCompile Include="Building.cpp">
      <Filter>Engine Core\Source Files</Filter>
    </ClCompile>
    <ClCompile Include="Sphere.cpp">
      <Filter>Engine Core\Source Files</Filter>
    </ClCompile>
    <ClCompile Include="ObjectLoader.cpp">
      <Filter>Engine Core\Header Files</Filter>
    </ClCompile>
    <ClCompile Include="Model.cpp">
      <Filter>Engine Core\Source Files</Filter>
    </ClCompile>
    <ClCompile Include="Billboards.cpp">
      <Filter>Engine Core\Source Files</Filter>
    </ClCompile>
    <ClCompile Include="SkyBox.cpp">
      <Filter>Engine Core\Source Files</Filter>
    </ClCompile>
    <ClCompile Include="World.cpp">
      <Filter>Engine Core\Source Files</Filter>
    </ClCompile>
    <ClCompile Include="DrawingTools.cpp">
      <Filter>Engine Core\Source Files</Filter>
    </ClCompile>
    <ClCompile Include="Loop.cpp">
      <Filter>Engine Core\Source Files</Filter>
    </ClCompile>
    <ClCompile Include="Dino.cpp">
      <Filter>Engine Core\Source Files</Filter>
    </ClCompile>
    <ClCompile Include="Particles.cpp">
      <Filter>Engine Core\Source Files</Filter>
    </ClCompile>
    <ClCompile Include="SurfaceOfRevolution.cpp">
      <Filter>Engine Core\Source Files</Filter>
    </ClCompile>
    <ClCompile Include="normalMapping.cpp">
      <Filter>Engine Core\Source Files</Filter>
    </ClCompile>
    <ClCompile Include="Bob.cpp">
      <Filter>Engine Core\Source Files</Filter>
    </ClCompile>
    <ClCompile Include="BHLights.cpp">
      <Filter>Engine Core\Source Files</Filter>
    </ClCompile>
    <ClCompile Include="House.cpp">
      <Filter>Engine Core\Source Files</Filter>
    </ClCompile>
  </ItemGroup>
</Project>